# This file is automatically @generated by Cargo.
# It is not intended for manual editing.
version = 4

[[package]]
name = "borax"
version = "0.0.0"
dependencies = [
 "borax-core",
 "borax-pdf",
 "borax-sources",
]

[[package]]
name = "borax-core"
version = "0.0.0"

[[package]]
name = "borax-pdf"
version = "0.0.0"
dependencies = [
 "borax-core",
]

[[package]]
name = "borax-sources"
version = "0.0.0"
dependencies = [
 "borax-core",
]
